
Microsoft Visual Studio Solution File, Format Version 12.00
# Visual Studio Version 16
VisualStudioVersion = 16.0.31624.102
MinimumVisualStudioVersion = 10.0.40219.1
Project("{FAE04EC0-301F-11D3-BF4B-00C04F79EFBC}") = "Erickson_Problem_Set_14", "Erickson_Problem_Set_14.csproj", "{6F31ACE6-581C-44B0-85D5-57FE54F0D67C}"
EndProject
Global
	GlobalSection(SolutionConfigurationPlatforms) = preSolution
		Debug|Any CPU = Debug|Any CPU
		Release|Any CPU = Release|Any CPU
	EndGlobalSection
	GlobalSection(ProjectConfigurationPlatforms) = postSolution
		{6F31ACE6-581C-44B0-85D5-57FE54F0D67C}.Debug|Any CPU.ActiveCfg = Debug|Any CPU
		{6F31ACE6-581C-44B0-85D5-57FE54F0D67C}.Debug|Any CPU.Build.0 = Debug|Any CPU
		{6F31ACE6-581C-44B0-85D5-57FE54F0D67C}.Release|Any CPU.ActiveCfg = Release|Any CPU
		{6F31ACE6-581C-44B0-85D5-57FE54F0D67C}.Release|Any CPU.Build.0 = Release|Any CPU
	EndGlobalSection
	GlobalSection(SolutionProperties) = preSolution
		HideSolutionNode = FALSE
	EndGlobalSection
	GlobalSection(ExtensibilityGlobals) = postSolution
		SolutionGuid = {7156A006-4881-4569-9CD1-0C127BC8C003}
	EndGlobalSection
EndGlobal
