
Microsoft Visual Studio Solution File, Format Version 12.00
# Visual Studio Version 16
VisualStudioVersion = 16.0.31624.102
MinimumVisualStudioVersion = 10.0.40219.1
Project("{FAE04EC0-301F-11D3-BF4B-00C04F79EFBC}") = "Problem_Set_9_Question_3", "Problem_Set_9_Question_3.csproj", "{7A296ACE-D6D2-4FE6-976D-78EFE552A4B0}"
EndProject
Global
	GlobalSection(SolutionConfigurationPlatforms) = preSolution
		Debug|Any CPU = Debug|Any CPU
		Release|Any CPU = Release|Any CPU
	EndGlobalSection
	GlobalSection(ProjectConfigurationPlatforms) = postSolution
		{7A296ACE-D6D2-4FE6-976D-78EFE552A4B0}.Debug|Any CPU.ActiveCfg = Debug|Any CPU
		{7A296ACE-D6D2-4FE6-976D-78EFE552A4B0}.Debug|Any CPU.Build.0 = Debug|Any CPU
		{7A296ACE-D6D2-4FE6-976D-78EFE552A4B0}.Release|Any CPU.ActiveCfg = Release|Any CPU
		{7A296ACE-D6D2-4FE6-976D-78EFE552A4B0}.Release|Any CPU.Build.0 = Release|Any CPU
	EndGlobalSection
	GlobalSection(SolutionProperties) = preSolution
		HideSolutionNode = FALSE
	EndGlobalSection
	GlobalSection(ExtensibilityGlobals) = postSolution
		SolutionGuid = {4ADCF6EF-05AB-44A2-80BC-71DA1EB69B61}
	EndGlobalSection
EndGlobal
