
Microsoft Visual Studio Solution File, Format Version 12.00
# Visual Studio Version 16
VisualStudioVersion = 16.0.31624.102
MinimumVisualStudioVersion = 10.0.40219.1
Project("{FAE04EC0-301F-11D3-BF4B-00C04F79EFBC}") = "CafeLib", "CafeLib.csproj", "{77FED967-74FC-4277-BFAA-5AD3BAB5D798}"
EndProject
Global
	GlobalSection(SolutionConfigurationPlatforms) = preSolution
		Debug|Any CPU = Debug|Any CPU
		Release|Any CPU = Release|Any CPU
	EndGlobalSection
	GlobalSection(ProjectConfigurationPlatforms) = postSolution
		{77FED967-74FC-4277-BFAA-5AD3BAB5D798}.Debug|Any CPU.ActiveCfg = Debug|Any CPU
		{77FED967-74FC-4277-BFAA-5AD3BAB5D798}.Debug|Any CPU.Build.0 = Debug|Any CPU
		{77FED967-74FC-4277-BFAA-5AD3BAB5D798}.Release|Any CPU.ActiveCfg = Release|Any CPU
		{77FED967-74FC-4277-BFAA-5AD3BAB5D798}.Release|Any CPU.Build.0 = Release|Any CPU
	EndGlobalSection
	GlobalSection(SolutionProperties) = preSolution
		HideSolutionNode = FALSE
	EndGlobalSection
	GlobalSection(ExtensibilityGlobals) = postSolution
		SolutionGuid = {192D7838-EFEA-4422-A600-21FCCFCA627C}
	EndGlobalSection
EndGlobal
