
Microsoft Visual Studio Solution File, Format Version 12.00
# Visual Studio Version 16
VisualStudioVersion = 16.0.31624.102
MinimumVisualStudioVersion = 10.0.40219.1
Project("{FAE04EC0-301F-11D3-BF4B-00C04F79EFBC}") = "Problem_Set_8_Question_8", "Problem_Set_8_Question_8.csproj", "{A02E6EEC-7CE5-462F-A5BD-2169224097C0}"
EndProject
Global
	GlobalSection(SolutionConfigurationPlatforms) = preSolution
		Debug|Any CPU = Debug|Any CPU
		Release|Any CPU = Release|Any CPU
	EndGlobalSection
	GlobalSection(ProjectConfigurationPlatforms) = postSolution
		{A02E6EEC-7CE5-462F-A5BD-2169224097C0}.Debug|Any CPU.ActiveCfg = Debug|Any CPU
		{A02E6EEC-7CE5-462F-A5BD-2169224097C0}.Debug|Any CPU.Build.0 = Debug|Any CPU
		{A02E6EEC-7CE5-462F-A5BD-2169224097C0}.Release|Any CPU.ActiveCfg = Release|Any CPU
		{A02E6EEC-7CE5-462F-A5BD-2169224097C0}.Release|Any CPU.Build.0 = Release|Any CPU
	EndGlobalSection
	GlobalSection(SolutionProperties) = preSolution
		HideSolutionNode = FALSE
	EndGlobalSection
	GlobalSection(ExtensibilityGlobals) = postSolution
		SolutionGuid = {DADC4984-9832-4817-BB4B-53D05565B6F5}
	EndGlobalSection
EndGlobal
