
Microsoft Visual Studio Solution File, Format Version 12.00
# Visual Studio Version 16
VisualStudioVersion = 16.0.31624.102
MinimumVisualStudioVersion = 10.0.40219.1
Project("{FAE04EC0-301F-11D3-BF4B-00C04F79EFBC}") = "Vehicles", "Vehicles.csproj", "{B8A619CD-750F-43B3-AF7C-C8748493CAFA}"
EndProject
Global
	GlobalSection(SolutionConfigurationPlatforms) = preSolution
		Debug|Any CPU = Debug|Any CPU
		Release|Any CPU = Release|Any CPU
	EndGlobalSection
	GlobalSection(ProjectConfigurationPlatforms) = postSolution
		{B8A619CD-750F-43B3-AF7C-C8748493CAFA}.Debug|Any CPU.ActiveCfg = Debug|Any CPU
		{B8A619CD-750F-43B3-AF7C-C8748493CAFA}.Debug|Any CPU.Build.0 = Debug|Any CPU
		{B8A619CD-750F-43B3-AF7C-C8748493CAFA}.Release|Any CPU.ActiveCfg = Release|Any CPU
		{B8A619CD-750F-43B3-AF7C-C8748493CAFA}.Release|Any CPU.Build.0 = Release|Any CPU
	EndGlobalSection
	GlobalSection(SolutionProperties) = preSolution
		HideSolutionNode = FALSE
	EndGlobalSection
	GlobalSection(ExtensibilityGlobals) = postSolution
		SolutionGuid = {B12F4A18-A0CB-4FA8-BE96-484F15036471}
	EndGlobalSection
EndGlobal
