
Microsoft Visual Studio Solution File, Format Version 12.00
# Visual Studio Version 16
VisualStudioVersion = 16.0.31624.102
MinimumVisualStudioVersion = 10.0.40219.1
Project("{FAE04EC0-301F-11D3-BF4B-00C04F79EFBC}") = "Erickson_Mandelbrot", "Erickson_Mandelbrot.csproj", "{968EA7A8-699E-4B32-B8CD-9F027E87DD6F}"
EndProject
Global
	GlobalSection(SolutionConfigurationPlatforms) = preSolution
		Debug|Any CPU = Debug|Any CPU
		Release|Any CPU = Release|Any CPU
	EndGlobalSection
	GlobalSection(ProjectConfigurationPlatforms) = postSolution
		{968EA7A8-699E-4B32-B8CD-9F027E87DD6F}.Debug|Any CPU.ActiveCfg = Debug|Any CPU
		{968EA7A8-699E-4B32-B8CD-9F027E87DD6F}.Debug|Any CPU.Build.0 = Debug|Any CPU
		{968EA7A8-699E-4B32-B8CD-9F027E87DD6F}.Release|Any CPU.ActiveCfg = Release|Any CPU
		{968EA7A8-699E-4B32-B8CD-9F027E87DD6F}.Release|Any CPU.Build.0 = Release|Any CPU
	EndGlobalSection
	GlobalSection(SolutionProperties) = preSolution
		HideSolutionNode = FALSE
	EndGlobalSection
	GlobalSection(ExtensibilityGlobals) = postSolution
		SolutionGuid = {35659005-CD07-4BDA-919F-01886C1FE1DD}
	EndGlobalSection
EndGlobal
