
Microsoft Visual Studio Solution File, Format Version 12.00
# Visual Studio Version 16
VisualStudioVersion = 16.0.31624.102
MinimumVisualStudioVersion = 10.0.40219.1
Project("{FAE04EC0-301F-11D3-BF4B-00C04F79EFBC}") = "UT1_BugSquash", "UT1_BugSquash.csproj", "{01C206C7-D728-4BD3-92CC-58C87BD2D596}"
EndProject
Global
	GlobalSection(SolutionConfigurationPlatforms) = preSolution
		Debug|Any CPU = Debug|Any CPU
		Release|Any CPU = Release|Any CPU
	EndGlobalSection
	GlobalSection(ProjectConfigurationPlatforms) = postSolution
		{01C206C7-D728-4BD3-92CC-58C87BD2D596}.Debug|Any CPU.ActiveCfg = Debug|Any CPU
		{01C206C7-D728-4BD3-92CC-58C87BD2D596}.Debug|Any CPU.Build.0 = Debug|Any CPU
		{01C206C7-D728-4BD3-92CC-58C87BD2D596}.Release|Any CPU.ActiveCfg = Release|Any CPU
		{01C206C7-D728-4BD3-92CC-58C87BD2D596}.Release|Any CPU.Build.0 = Release|Any CPU
	EndGlobalSection
	GlobalSection(SolutionProperties) = preSolution
		HideSolutionNode = FALSE
	EndGlobalSection
	GlobalSection(ExtensibilityGlobals) = postSolution
		SolutionGuid = {7FE63334-CB2F-4E19-B7EC-B5DFA4D0ADA5}
	EndGlobalSection
EndGlobal
