
Microsoft Visual Studio Solution File, Format Version 12.00
# Visual Studio Version 16
VisualStudioVersion = 16.0.31624.102
MinimumVisualStudioVersion = 10.0.40219.1
Project("{FAE04EC0-301F-11D3-BF4B-00C04F79EFBC}") = "Dont_Die_Erickson", "Dont_Die_Erickson.csproj", "{7DA0E836-CE0E-4DB1-8B37-3DCD29579244}"
EndProject
Global
	GlobalSection(SolutionConfigurationPlatforms) = preSolution
		Debug|Any CPU = Debug|Any CPU
		Release|Any CPU = Release|Any CPU
	EndGlobalSection
	GlobalSection(ProjectConfigurationPlatforms) = postSolution
		{7DA0E836-CE0E-4DB1-8B37-3DCD29579244}.Debug|Any CPU.ActiveCfg = Debug|Any CPU
		{7DA0E836-CE0E-4DB1-8B37-3DCD29579244}.Debug|Any CPU.Build.0 = Debug|Any CPU
		{7DA0E836-CE0E-4DB1-8B37-3DCD29579244}.Release|Any CPU.ActiveCfg = Release|Any CPU
		{7DA0E836-CE0E-4DB1-8B37-3DCD29579244}.Release|Any CPU.Build.0 = Release|Any CPU
	EndGlobalSection
	GlobalSection(SolutionProperties) = preSolution
		HideSolutionNode = FALSE
	EndGlobalSection
	GlobalSection(ExtensibilityGlobals) = postSolution
		SolutionGuid = {02C5B4DC-2AE5-4BC1-9619-4AC0369B054B}
	EndGlobalSection
EndGlobal
