
Microsoft Visual Studio Solution File, Format Version 12.00
# Visual Studio Version 16
VisualStudioVersion = 16.0.31624.102
MinimumVisualStudioVersion = 10.0.40219.1
Project("{FAE04EC0-301F-11D3-BF4B-00C04F79EFBC}") = "Final_Exam_Question_2", "Final_Exam_Question_2.csproj", "{9BF12C80-E777-4938-AB28-3461CAFAAEF0}"
EndProject
Global
	GlobalSection(SolutionConfigurationPlatforms) = preSolution
		Debug|Any CPU = Debug|Any CPU
		Release|Any CPU = Release|Any CPU
	EndGlobalSection
	GlobalSection(ProjectConfigurationPlatforms) = postSolution
		{9BF12C80-E777-4938-AB28-3461CAFAAEF0}.Debug|Any CPU.ActiveCfg = Debug|Any CPU
		{9BF12C80-E777-4938-AB28-3461CAFAAEF0}.Debug|Any CPU.Build.0 = Debug|Any CPU
		{9BF12C80-E777-4938-AB28-3461CAFAAEF0}.Release|Any CPU.ActiveCfg = Release|Any CPU
		{9BF12C80-E777-4938-AB28-3461CAFAAEF0}.Release|Any CPU.Build.0 = Release|Any CPU
	EndGlobalSection
	GlobalSection(SolutionProperties) = preSolution
		HideSolutionNode = FALSE
	EndGlobalSection
	GlobalSection(ExtensibilityGlobals) = postSolution
		SolutionGuid = {B213B41A-0C5D-4CE5-85C7-CF4C7423BE44}
	EndGlobalSection
EndGlobal
