
Microsoft Visual Studio Solution File, Format Version 12.00
# Visual Studio Version 16
VisualStudioVersion = 16.0.31624.102
MinimumVisualStudioVersion = 10.0.40219.1
Project("{FAE04EC0-301F-11D3-BF4B-00C04F79EFBC}") = "PeopleLib", "PeopleLib.csproj", "{BA38439B-CF75-4E6C-89B1-FB7906FCCFF6}"
EndProject
Global
	GlobalSection(SolutionConfigurationPlatforms) = preSolution
		Debug|Any CPU = Debug|Any CPU
		Release|Any CPU = Release|Any CPU
	EndGlobalSection
	GlobalSection(ProjectConfigurationPlatforms) = postSolution
		{BA38439B-CF75-4E6C-89B1-FB7906FCCFF6}.Debug|Any CPU.ActiveCfg = Debug|Any CPU
		{BA38439B-CF75-4E6C-89B1-FB7906FCCFF6}.Debug|Any CPU.Build.0 = Debug|Any CPU
		{BA38439B-CF75-4E6C-89B1-FB7906FCCFF6}.Release|Any CPU.ActiveCfg = Release|Any CPU
		{BA38439B-CF75-4E6C-89B1-FB7906FCCFF6}.Release|Any CPU.Build.0 = Release|Any CPU
	EndGlobalSection
	GlobalSection(SolutionProperties) = preSolution
		HideSolutionNode = FALSE
	EndGlobalSection
	GlobalSection(ExtensibilityGlobals) = postSolution
		SolutionGuid = {8CD7CA16-963C-45DD-A755-C92127B9F01C}
	EndGlobalSection
EndGlobal
