
Microsoft Visual Studio Solution File, Format Version 12.00
# Visual Studio Version 16
VisualStudioVersion = 16.0.31624.102
MinimumVisualStudioVersion = 10.0.40219.1
Project("{FAE04EC0-301F-11D3-BF4B-00C04F79EFBC}") = "Problem_Set_8_Question_9", "Problem_Set_8_Question_9.csproj", "{E674802B-1FFF-4941-88E5-1747C3715510}"
EndProject
Global
	GlobalSection(SolutionConfigurationPlatforms) = preSolution
		Debug|Any CPU = Debug|Any CPU
		Release|Any CPU = Release|Any CPU
	EndGlobalSection
	GlobalSection(ProjectConfigurationPlatforms) = postSolution
		{E674802B-1FFF-4941-88E5-1747C3715510}.Debug|Any CPU.ActiveCfg = Debug|Any CPU
		{E674802B-1FFF-4941-88E5-1747C3715510}.Debug|Any CPU.Build.0 = Debug|Any CPU
		{E674802B-1FFF-4941-88E5-1747C3715510}.Release|Any CPU.ActiveCfg = Release|Any CPU
		{E674802B-1FFF-4941-88E5-1747C3715510}.Release|Any CPU.Build.0 = Release|Any CPU
	EndGlobalSection
	GlobalSection(SolutionProperties) = preSolution
		HideSolutionNode = FALSE
	EndGlobalSection
	GlobalSection(ExtensibilityGlobals) = postSolution
		SolutionGuid = {2C3D3280-41AD-492B-BD2C-41B1D373EFAA}
	EndGlobalSection
EndGlobal
